
Microsoft Visual Studio Solution File, Format Version 12.00
# Visual Studio Version 17
VisualStudioVersion = 17.14.36518.9
MinimumVisualStudioVersion = 10.0.40219.1
Project("{FAE04EC0-301F-11D3-BF4B-00C04F79EFBC}") = "MultiTenantSaaS.Api", "MultiTenantSaaS.Api\MultiTenantSaaS.Api.csproj", "{714C47CA-28C8-4819-B87D-0F5CB2F9DA21}"
EndProject
Project("{FAE04EC0-301F-11D3-BF4B-00C04F79EFBC}") = "MultiTenantSaaS.Application", "MultiTenantSaaS.Application\MultiTenantSaaS.Application.csproj", "{250A7E87-4C10-4A18-955D-C31DC39962A2}"
EndProject
Project("{FAE04EC0-301F-11D3-BF4B-00C04F79EFBC}") = "MultiTenantSaaS.Domain", "MultiTenantSaaS.Domain\MultiTenantSaaS.Domain.csproj", "{F9681752-2EE5-4A49-9316-BE9E7E083F77}"
EndProject
Project("{FAE04EC0-301F-11D3-BF4B-00C04F79EFBC}") = "MultiTenantSaas.InfraStructure", "MultiTenantSaas.InfraStructure\MultiTenantSaas.InfraStructure.csproj", "{A0EFFD0C-3B98-4988-A0F1-D73EF6846721}"
EndProject
Project("{FAE04EC0-301F-11D3-BF4B-00C04F79EFBC}") = "MultiTenantSaaS.Tests", "MultiTenantSaaS.Tests\MultiTenantSaaS.Tests.csproj", "{09B009D2-1D04-4B29-890C-500BA322EA01}"
EndProject
Global
	GlobalSection(SolutionConfigurationPlatforms) = preSolution
		Debug|Any CPU = Debug|Any CPU
		Release|Any CPU = Release|Any CPU
	EndGlobalSection
	GlobalSection(ProjectConfigurationPlatforms) = postSolution
		{714C47CA-28C8-4819-B87D-0F5CB2F9DA21}.Debug|Any CPU.ActiveCfg = Debug|Any CPU
		{714C47CA-28C8-4819-B87D-0F5CB2F9DA21}.Debug|Any CPU.Build.0 = Debug|Any CPU
		{714C47CA-28C8-4819-B87D-0F5CB2F9DA21}.Release|Any CPU.ActiveCfg = Release|Any CPU
		{714C47CA-28C8-4819-B87D-0F5CB2F9DA21}.Release|Any CPU.Build.0 = Release|Any CPU
		{250A7E87-4C10-4A18-955D-C31DC39962A2}.Debug|Any CPU.ActiveCfg = Debug|Any CPU
		{250A7E87-4C10-4A18-955D-C31DC39962A2}.Debug|Any CPU.Build.0 = Debug|Any CPU
		{250A7E87-4C10-4A18-955D-C31DC39962A2}.Release|Any CPU.ActiveCfg = Release|Any CPU
		{250A7E87-4C10-4A18-955D-C31DC39962A2}.Release|Any CPU.Build.0 = Release|Any CPU
		{F9681752-2EE5-4A49-9316-BE9E7E083F77}.Debug|Any CPU.ActiveCfg = Debug|Any CPU
		{F9681752-2EE5-4A49-9316-BE9E7E083F77}.Debug|Any CPU.Build.0 = Debug|Any CPU
		{F9681752-2EE5-4A49-9316-BE9E7E083F77}.Release|Any CPU.ActiveCfg = Release|Any CPU
		{F9681752-2EE5-4A49-9316-BE9E7E083F77}.Release|Any CPU.Build.0 = Release|Any CPU
		{A0EFFD0C-3B98-4988-A0F1-D73EF6846721}.Debug|Any CPU.ActiveCfg = Debug|Any CPU
		{A0EFFD0C-3B98-4988-A0F1-D73EF6846721}.Debug|Any CPU.Build.0 = Debug|Any CPU
		{A0EFFD0C-3B98-4988-A0F1-D73EF6846721}.Release|Any CPU.ActiveCfg = Release|Any CPU
		{A0EFFD0C-3B98-4988-A0F1-D73EF6846721}.Release|Any CPU.Build.0 = Release|Any CPU
		{09B009D2-1D04-4B29-890C-500BA322EA01}.Debug|Any CPU.ActiveCfg = Debug|Any CPU
		{09B009D2-1D04-4B29-890C-500BA322EA01}.Debug|Any CPU.Build.0 = Debug|Any CPU
		{09B009D2-1D04-4B29-890C-500BA322EA01}.Release|Any CPU.ActiveCfg = Release|Any CPU
		{09B009D2-1D04-4B29-890C-500BA322EA01}.Release|Any CPU.Build.0 = Release|Any CPU
	EndGlobalSection
	GlobalSection(SolutionProperties) = preSolution
		HideSolutionNode = FALSE
	EndGlobalSection
	GlobalSection(ExtensibilityGlobals) = postSolution
		SolutionGuid = {79B7C687-2F11-4533-A8CC-2B88CA5908E5}
	EndGlobalSection
EndGlobal
