
Microsoft Visual Studio Solution File, Format Version 12.00
# Visual Studio Version 17
VisualStudioVersion = 17.14.36518.9
MinimumVisualStudioVersion = 10.0.40219.1
Project("{FAE04EC0-301F-11D3-BF4B-00C04F79EFBC}") = "MultiTenantSaaS.Api", "Api\MultiTenantSaaS.Api.csproj", "{C2AE2B92-A1F0-46F9-932D-8D330FCC6BCA}"
EndProject
Project("{FAE04EC0-301F-11D3-BF4B-00C04F79EFBC}") = "MultiTenantSaaS.Application", "Application\MultiTenantSaaS.Application.csproj", "{E632F5AF-E16C-4F60-9640-E57DD029E03A}"
EndProject
Project("{FAE04EC0-301F-11D3-BF4B-00C04F79EFBC}") = "MultiTenantSaaS.Domain", "Domain\MultiTenantSaaS.Domain.csproj", "{35F8BFC2-B827-41F4-82F8-36DC792690A2}"
EndProject
Project("{FAE04EC0-301F-11D3-BF4B-00C04F79EFBC}") = "MultiTenantSaaS.InfraStructure", "InfraStructure\MultiTenantSaaS.InfraStructure.csproj", "{81427449-E11B-41E7-943B-C3D8A50599C1}"
EndProject
Project("{FAE04EC0-301F-11D3-BF4B-00C04F79EFBC}") = "MultiTenantSaaS.Tests", "MultiTenentSaaS.Tests\MultiTenantSaaS.Tests.csproj", "{C262AEF4-1067-4D20-B734-338AE0D182EB}"
EndProject
Global
	GlobalSection(SolutionConfigurationPlatforms) = preSolution
		Debug|Any CPU = Debug|Any CPU
		Release|Any CPU = Release|Any CPU
	EndGlobalSection
	GlobalSection(ProjectConfigurationPlatforms) = postSolution
		{C2AE2B92-A1F0-46F9-932D-8D330FCC6BCA}.Debug|Any CPU.ActiveCfg = Debug|Any CPU
		{C2AE2B92-A1F0-46F9-932D-8D330FCC6BCA}.Debug|Any CPU.Build.0 = Debug|Any CPU
		{C2AE2B92-A1F0-46F9-932D-8D330FCC6BCA}.Release|Any CPU.ActiveCfg = Release|Any CPU
		{C2AE2B92-A1F0-46F9-932D-8D330FCC6BCA}.Release|Any CPU.Build.0 = Release|Any CPU
		{E632F5AF-E16C-4F60-9640-E57DD029E03A}.Debug|Any CPU.ActiveCfg = Debug|Any CPU
		{E632F5AF-E16C-4F60-9640-E57DD029E03A}.Debug|Any CPU.Build.0 = Debug|Any CPU
		{E632F5AF-E16C-4F60-9640-E57DD029E03A}.Release|Any CPU.ActiveCfg = Release|Any CPU
		{E632F5AF-E16C-4F60-9640-E57DD029E03A}.Release|Any CPU.Build.0 = Release|Any CPU
		{35F8BFC2-B827-41F4-82F8-36DC792690A2}.Debug|Any CPU.ActiveCfg = Debug|Any CPU
		{35F8BFC2-B827-41F4-82F8-36DC792690A2}.Debug|Any CPU.Build.0 = Debug|Any CPU
		{35F8BFC2-B827-41F4-82F8-36DC792690A2}.Release|Any CPU.ActiveCfg = Release|Any CPU
		{35F8BFC2-B827-41F4-82F8-36DC792690A2}.Release|Any CPU.Build.0 = Release|Any CPU
		{81427449-E11B-41E7-943B-C3D8A50599C1}.Debug|Any CPU.ActiveCfg = Debug|Any CPU
		{81427449-E11B-41E7-943B-C3D8A50599C1}.Debug|Any CPU.Build.0 = Debug|Any CPU
		{81427449-E11B-41E7-943B-C3D8A50599C1}.Release|Any CPU.ActiveCfg = Release|Any CPU
		{81427449-E11B-41E7-943B-C3D8A50599C1}.Release|Any CPU.Build.0 = Release|Any CPU
		{C262AEF4-1067-4D20-B734-338AE0D182EB}.Debug|Any CPU.ActiveCfg = Debug|Any CPU
		{C262AEF4-1067-4D20-B734-338AE0D182EB}.Debug|Any CPU.Build.0 = Debug|Any CPU
		{C262AEF4-1067-4D20-B734-338AE0D182EB}.Release|Any CPU.ActiveCfg = Release|Any CPU
		{C262AEF4-1067-4D20-B734-338AE0D182EB}.Release|Any CPU.Build.0 = Release|Any CPU
	EndGlobalSection
	GlobalSection(SolutionProperties) = preSolution
		HideSolutionNode = FALSE
	EndGlobalSection
	GlobalSection(ExtensibilityGlobals) = postSolution
		SolutionGuid = {AA19EC4B-A430-410A-9881-467372DD1236}
	EndGlobalSection
EndGlobal
